
Microsoft Visual Studio Solution File, Format Version 12.00
# Visual Studio Version 17
VisualStudioVersion = 17.5.33530.505
MinimumVisualStudioVersion = 10.0.40219.1
Project("{8BC9CEB8-8B4A-11D0-8D11-00A0C91BC942}") = "AL評価課題", "AL評価課題.vcxproj", "{F0A835FB-FFBD-4135-84FE-2B6B525082F3}"
EndProject
Global
	GlobalSection(SolutionConfigurationPlatforms) = preSolution
		Debug|x64 = Debug|x64
		Release|x64 = Release|x64
	EndGlobalSection
	GlobalSection(ProjectConfigurationPlatforms) = postSolution
		{F0A835FB-FFBD-4135-84FE-2B6B525082F3}.Debug|x64.ActiveCfg = Debug|x64
		{F0A835FB-FFBD-4135-84FE-2B6B525082F3}.Debug|x64.Build.0 = Debug|x64
		{F0A835FB-FFBD-4135-84FE-2B6B525082F3}.Release|x64.ActiveCfg = Release|x64
		{F0A835FB-FFBD-4135-84FE-2B6B525082F3}.Release|x64.Build.0 = Release|x64
	EndGlobalSection
	GlobalSection(SolutionProperties) = preSolution
		HideSolutionNode = FALSE
	EndGlobalSection
	GlobalSection(ExtensibilityGlobals) = postSolution
		SolutionGuid = {D4B33FF9-04C1-4E44-B8F4-B8790D868BB3}
	EndGlobalSection
EndGlobal
